
Microsoft Visual Studio Solution File, Format Version 12.00
# Visual Studio Version 17
VisualStudioVersion = 17.0.31903.59
MinimumVisualStudioVersion = 10.0.40219.1
Project("{2150E333-8FDC-42A3-9474-1A3956D46DE8}") = "src", "src", "{4CB7EB44-1422-42E0-BA49-0402DE7ED1C9}"
EndProject
Project("{2150E333-8FDC-42A3-9474-1A3956D46DE8}") = "tests", "tests", "{C76BB15B-F3FF-430B-AD6C-7BD27CEA938A}"
EndProject
Project("{FAE04EC0-301F-11D3-BF4B-00C04F79EFBC}") = "NetworkInspector.TestApi", "tests\NetworkInspector.TestApi\NetworkInspector.TestApi.csproj", "{AFD1C0F1-0B77-4B0E-85E0-4E1754D7022B}"
EndProject
Project("{FAE04EC0-301F-11D3-BF4B-00C04F79EFBC}") = "Spector", "src\Spector\Spector.csproj", "{F23511D3-1558-43FE-9A05-98172BB62205}"
EndProject
Global
	GlobalSection(SolutionConfigurationPlatforms) = preSolution
		Debug|Any CPU = Debug|Any CPU
		Release|Any CPU = Release|Any CPU
	EndGlobalSection
	GlobalSection(SolutionProperties) = preSolution
		HideSolutionNode = FALSE
	EndGlobalSection
	GlobalSection(ProjectConfigurationPlatforms) = postSolution
		{AFD1C0F1-0B77-4B0E-85E0-4E1754D7022B}.Debug|Any CPU.ActiveCfg = Debug|Any CPU
		{AFD1C0F1-0B77-4B0E-85E0-4E1754D7022B}.Debug|Any CPU.Build.0 = Debug|Any CPU
		{AFD1C0F1-0B77-4B0E-85E0-4E1754D7022B}.Release|Any CPU.ActiveCfg = Release|Any CPU
		{AFD1C0F1-0B77-4B0E-85E0-4E1754D7022B}.Release|Any CPU.Build.0 = Release|Any CPU
		{F23511D3-1558-43FE-9A05-98172BB62205}.Debug|Any CPU.ActiveCfg = Debug|Any CPU
		{F23511D3-1558-43FE-9A05-98172BB62205}.Debug|Any CPU.Build.0 = Debug|Any CPU
		{F23511D3-1558-43FE-9A05-98172BB62205}.Release|Any CPU.ActiveCfg = Release|Any CPU
		{F23511D3-1558-43FE-9A05-98172BB62205}.Release|Any CPU.Build.0 = Release|Any CPU
	EndGlobalSection
	GlobalSection(NestedProjects) = preSolution
		{AFD1C0F1-0B77-4B0E-85E0-4E1754D7022B} = {C76BB15B-F3FF-430B-AD6C-7BD27CEA938A}
		{F23511D3-1558-43FE-9A05-98172BB62205} = {4CB7EB44-1422-42E0-BA49-0402DE7ED1C9}
	EndGlobalSection
EndGlobal
